
Microsoft Visual Studio Solution File, Format Version 12.00
# Visual Studio Version 17
VisualStudioVersion = 17.8.34408.163
MinimumVisualStudioVersion = 10.0.40219.1
Project("{FAE04EC0-301F-11D3-BF4B-00C04F79EFBC}") = "Task_Manager", "Task_Manager\Task_Manager.csproj", "{B2C2DB6D-DC2F-4282-A800-87AC1DC1F00F}"
EndProject
Global
	GlobalSection(SolutionConfigurationPlatforms) = preSolution
		Debug|Any CPU = Debug|Any CPU
		Release|Any CPU = Release|Any CPU
	EndGlobalSection
	GlobalSection(ProjectConfigurationPlatforms) = postSolution
		{B2C2DB6D-DC2F-4282-A800-87AC1DC1F00F}.Debug|Any CPU.ActiveCfg = Debug|Any CPU
		{B2C2DB6D-DC2F-4282-A800-87AC1DC1F00F}.Debug|Any CPU.Build.0 = Debug|Any CPU
		{B2C2DB6D-DC2F-4282-A800-87AC1DC1F00F}.Release|Any CPU.ActiveCfg = Release|Any CPU
		{B2C2DB6D-DC2F-4282-A800-87AC1DC1F00F}.Release|Any CPU.Build.0 = Release|Any CPU
	EndGlobalSection
	GlobalSection(SolutionProperties) = preSolution
		HideSolutionNode = FALSE
	EndGlobalSection
	GlobalSection(ExtensibilityGlobals) = postSolution
		SolutionGuid = {88192CA1-447F-433D-A837-DC43B1F637EF}
	EndGlobalSection
EndGlobal
